
Microsoft Visual Studio Solution File, Format Version 12.00
# Visual Studio 15
VisualStudioVersion = 15.0.28307.329
MinimumVisualStudioVersion = 10.0.40219.1
Project("{FAE04EC0-301F-11D3-BF4B-00C04F79EFBC}") = "Pets", "Pets\Pets.csproj", "{0A0D0F0B-D487-4154-B54E-1CDBF2E1E799}"
EndProject
Global
	GlobalSection(SolutionConfigurationPlatforms) = preSolution
		Debug|Any CPU = Debug|Any CPU
		Release|Any CPU = Release|Any CPU
	EndGlobalSection
	GlobalSection(ProjectConfigurationPlatforms) = postSolution
		{0A0D0F0B-D487-4154-B54E-1CDBF2E1E799}.Debug|Any CPU.ActiveCfg = Debug|Any CPU
		{0A0D0F0B-D487-4154-B54E-1CDBF2E1E799}.Debug|Any CPU.Build.0 = Debug|Any CPU
		{0A0D0F0B-D487-4154-B54E-1CDBF2E1E799}.Release|Any CPU.ActiveCfg = Release|Any CPU
		{0A0D0F0B-D487-4154-B54E-1CDBF2E1E799}.Release|Any CPU.Build.0 = Release|Any CPU
	EndGlobalSection
	GlobalSection(SolutionProperties) = preSolution
		HideSolutionNode = FALSE
	EndGlobalSection
	GlobalSection(ExtensibilityGlobals) = postSolution
		SolutionGuid = {E904186C-AE14-4289-8A64-D63087F94FEE}
	EndGlobalSection
EndGlobal
